
Microsoft Visual Studio Solution File, Format Version 12.00
# Visual Studio Version 16
VisualStudioVersion = 16.0.30523.141
MinimumVisualStudioVersion = 10.0.40219.1
Project("{FAE04EC0-301F-11D3-BF4B-00C04F79EFBC}") = "finalrepaso", "finalrepaso\finalrepaso.csproj", "{AD781340-BDF5-40CC-BD6A-F9A6F637CFF4}"
EndProject
Global
	GlobalSection(SolutionConfigurationPlatforms) = preSolution
		Debug|Any CPU = Debug|Any CPU
		Release|Any CPU = Release|Any CPU
	EndGlobalSection
	GlobalSection(ProjectConfigurationPlatforms) = postSolution
		{AD781340-BDF5-40CC-BD6A-F9A6F637CFF4}.Debug|Any CPU.ActiveCfg = Debug|Any CPU
		{AD781340-BDF5-40CC-BD6A-F9A6F637CFF4}.Debug|Any CPU.Build.0 = Debug|Any CPU
		{AD781340-BDF5-40CC-BD6A-F9A6F637CFF4}.Release|Any CPU.ActiveCfg = Release|Any CPU
		{AD781340-BDF5-40CC-BD6A-F9A6F637CFF4}.Release|Any CPU.Build.0 = Release|Any CPU
	EndGlobalSection
	GlobalSection(SolutionProperties) = preSolution
		HideSolutionNode = FALSE
	EndGlobalSection
	GlobalSection(ExtensibilityGlobals) = postSolution
		SolutionGuid = {8C752778-81C1-4840-BD00-B9F055DDFE3D}
	EndGlobalSection
EndGlobal
